
Microsoft Visual Studio Solution File, Format Version 12.00
# Visual Studio Version 17
VisualStudioVersion = 17.10.35027.167
MinimumVisualStudioVersion = 10.0.40219.1
Project("{9A19103F-16F7-4668-BE54-9A1E7A4F7556}") = "MongoDb_Repo.Application", "MongoDb_Repo\MongoDb_Repo.Application.csproj", "{05D67373-0858-4BAC-B601-011EA9BAF8EA}"
EndProject
Project("{9A19103F-16F7-4668-BE54-9A1E7A4F7556}") = "MongoDb_Repo.Infrastructure", "Infrastructure\MongoDb_Repo.Infrastructure.csproj", "{4C16DEA4-9FC6-442B-A17C-C01238386D27}"
EndProject
Project("{9A19103F-16F7-4668-BE54-9A1E7A4F7556}") = "MongoDb_Repo.Domain", "MongoDb_Repo.Domain\MongoDb_Repo.Domain.csproj", "{5482C76F-4B4D-465E-B9F0-FD67E80061AE}"
EndProject
Global
	GlobalSection(SolutionConfigurationPlatforms) = preSolution
		Debug|Any CPU = Debug|Any CPU
		Release|Any CPU = Release|Any CPU
	EndGlobalSection
	GlobalSection(ProjectConfigurationPlatforms) = postSolution
		{05D67373-0858-4BAC-B601-011EA9BAF8EA}.Debug|Any CPU.ActiveCfg = Debug|Any CPU
		{05D67373-0858-4BAC-B601-011EA9BAF8EA}.Debug|Any CPU.Build.0 = Debug|Any CPU
		{05D67373-0858-4BAC-B601-011EA9BAF8EA}.Release|Any CPU.ActiveCfg = Release|Any CPU
		{05D67373-0858-4BAC-B601-011EA9BAF8EA}.Release|Any CPU.Build.0 = Release|Any CPU
		{4C16DEA4-9FC6-442B-A17C-C01238386D27}.Debug|Any CPU.ActiveCfg = Debug|Any CPU
		{4C16DEA4-9FC6-442B-A17C-C01238386D27}.Debug|Any CPU.Build.0 = Debug|Any CPU
		{4C16DEA4-9FC6-442B-A17C-C01238386D27}.Release|Any CPU.ActiveCfg = Release|Any CPU
		{4C16DEA4-9FC6-442B-A17C-C01238386D27}.Release|Any CPU.Build.0 = Release|Any CPU
		{5482C76F-4B4D-465E-B9F0-FD67E80061AE}.Debug|Any CPU.ActiveCfg = Debug|Any CPU
		{5482C76F-4B4D-465E-B9F0-FD67E80061AE}.Debug|Any CPU.Build.0 = Debug|Any CPU
		{5482C76F-4B4D-465E-B9F0-FD67E80061AE}.Release|Any CPU.ActiveCfg = Release|Any CPU
		{5482C76F-4B4D-465E-B9F0-FD67E80061AE}.Release|Any CPU.Build.0 = Release|Any CPU
	EndGlobalSection
	GlobalSection(SolutionProperties) = preSolution
		HideSolutionNode = FALSE
	EndGlobalSection
	GlobalSection(ExtensibilityGlobals) = postSolution
		SolutionGuid = {1B623507-94DA-4F62-9A02-B519A601F540}
	EndGlobalSection
EndGlobal
